
Microsoft Visual Studio Solution File, Format Version 12.00
# Visual Studio Version 16
VisualStudioVersion = 16.0.30621.155
MinimumVisualStudioVersion = 10.0.40219.1
Project("{FAE04EC0-301F-11D3-BF4B-00C04F79EFBC}") = "FactoryPattern", "FactoryPattern\FactoryPattern.csproj", "{B880E8CC-ACBC-4A39-B6C2-D3CBF761328C}"
EndProject
Global
	GlobalSection(SolutionConfigurationPlatforms) = preSolution
		Debug|Any CPU = Debug|Any CPU
		Release|Any CPU = Release|Any CPU
	EndGlobalSection
	GlobalSection(ProjectConfigurationPlatforms) = postSolution
		{B880E8CC-ACBC-4A39-B6C2-D3CBF761328C}.Debug|Any CPU.ActiveCfg = Debug|Any CPU
		{B880E8CC-ACBC-4A39-B6C2-D3CBF761328C}.Debug|Any CPU.Build.0 = Debug|Any CPU
		{B880E8CC-ACBC-4A39-B6C2-D3CBF761328C}.Release|Any CPU.ActiveCfg = Release|Any CPU
		{B880E8CC-ACBC-4A39-B6C2-D3CBF761328C}.Release|Any CPU.Build.0 = Release|Any CPU
	EndGlobalSection
	GlobalSection(SolutionProperties) = preSolution
		HideSolutionNode = FALSE
	EndGlobalSection
	GlobalSection(ExtensibilityGlobals) = postSolution
		SolutionGuid = {4790D7CB-6F43-4316-A8CB-3155C50C4B43}
	EndGlobalSection
EndGlobal
